
Microsoft Visual Studio Solution File, Format Version 12.00
# Visual Studio 14
VisualStudioVersion = 14.0.25420.1
MinimumVisualStudioVersion = 10.0.40219.1
Project("{FAE04EC0-301F-11D3-BF4B-00C04F79EFBC}") = "Base_Function", "Base_Function.csproj", "{8C114DE3-BC2E-47F4-A741-9B66F22FA1B4}"
EndProject
Global
	GlobalSection(SolutionConfigurationPlatforms) = preSolution
		Debug|Any CPU = Debug|Any CPU
		Release|Any CPU = Release|Any CPU
	EndGlobalSection
	GlobalSection(ProjectConfigurationPlatforms) = postSolution
		{8C114DE3-BC2E-47F4-A741-9B66F22FA1B4}.Debug|Any CPU.ActiveCfg = Debug|Any CPU
		{8C114DE3-BC2E-47F4-A741-9B66F22FA1B4}.Debug|Any CPU.Build.0 = Debug|Any CPU
		{8C114DE3-BC2E-47F4-A741-9B66F22FA1B4}.Release|Any CPU.ActiveCfg = Release|Any CPU
		{8C114DE3-BC2E-47F4-A741-9B66F22FA1B4}.Release|Any CPU.Build.0 = Release|Any CPU
	EndGlobalSection
	GlobalSection(SolutionProperties) = preSolution
		HideSolutionNode = FALSE
	EndGlobalSection
	GlobalSection(ExtensibilityGlobals) = postSolution
		SolutionGuid = {F45548A5-6B91-43CF-B9B5-73D3E610DD8C}
	EndGlobalSection
EndGlobal
